
Microsoft Visual Studio Solution File, Format Version 12.00
# Visual Studio 15
VisualStudioVersion = 15.0.28307.106
MinimumVisualStudioVersion = 10.0.40219.1
Project("{FAE04EC0-301F-11D3-BF4B-00C04F79EFBC}") = "LoopsExercises", "LoopsExercises\LoopsExercises.csproj", "{8F0E4CAA-8BA7-46DF-918D-87534F331898}"
EndProject
Global
	GlobalSection(SolutionConfigurationPlatforms) = preSolution
		Debug|Any CPU = Debug|Any CPU
		Release|Any CPU = Release|Any CPU
	EndGlobalSection
	GlobalSection(ProjectConfigurationPlatforms) = postSolution
		{8F0E4CAA-8BA7-46DF-918D-87534F331898}.Debug|Any CPU.ActiveCfg = Debug|Any CPU
		{8F0E4CAA-8BA7-46DF-918D-87534F331898}.Debug|Any CPU.Build.0 = Debug|Any CPU
		{8F0E4CAA-8BA7-46DF-918D-87534F331898}.Release|Any CPU.ActiveCfg = Release|Any CPU
		{8F0E4CAA-8BA7-46DF-918D-87534F331898}.Release|Any CPU.Build.0 = Release|Any CPU
	EndGlobalSection
	GlobalSection(SolutionProperties) = preSolution
		HideSolutionNode = FALSE
	EndGlobalSection
	GlobalSection(ExtensibilityGlobals) = postSolution
		SolutionGuid = {37860C9F-E683-4720-A968-7FC20DD0F575}
	EndGlobalSection
EndGlobal
