
Microsoft Visual Studio Solution File, Format Version 12.00
# Visual Studio 15
VisualStudioVersion = 15.0.28307.106
MinimumVisualStudioVersion = 10.0.40219.1
Project("{FAE04EC0-301F-11D3-BF4B-00C04F79EFBC}") = "ArraysExercise", "ArraysExercise\ArraysExercise.csproj", "{4A2196D4-33AA-4A31-9A5C-657F342120B0}"
EndProject
Global
	GlobalSection(SolutionConfigurationPlatforms) = preSolution
		Debug|Any CPU = Debug|Any CPU
		Release|Any CPU = Release|Any CPU
	EndGlobalSection
	GlobalSection(ProjectConfigurationPlatforms) = postSolution
		{4A2196D4-33AA-4A31-9A5C-657F342120B0}.Debug|Any CPU.ActiveCfg = Debug|Any CPU
		{4A2196D4-33AA-4A31-9A5C-657F342120B0}.Debug|Any CPU.Build.0 = Debug|Any CPU
		{4A2196D4-33AA-4A31-9A5C-657F342120B0}.Release|Any CPU.ActiveCfg = Release|Any CPU
		{4A2196D4-33AA-4A31-9A5C-657F342120B0}.Release|Any CPU.Build.0 = Release|Any CPU
	EndGlobalSection
	GlobalSection(SolutionProperties) = preSolution
		HideSolutionNode = FALSE
	EndGlobalSection
	GlobalSection(ExtensibilityGlobals) = postSolution
		SolutionGuid = {67BD0CBB-059F-4444-9227-E4E237977412}
	EndGlobalSection
EndGlobal
